
Microsoft Visual Studio Solution File, Format Version 12.00
# Visual Studio Version 17
VisualStudioVersion = 17.6.33815.320
MinimumVisualStudioVersion = 10.0.40219.1
Project("{9A19103F-16F7-4668-BE54-9A1E7A4F7556}") = "CTeleport.Distance.Api", "CTeleport.Distance.Api\CTeleport.Distance.Api.csproj", "{056DE067-0653-4CEF-91C9-FE239FA72D87}"
EndProject
Project("{9A19103F-16F7-4668-BE54-9A1E7A4F7556}") = "CTeleport.Distance.Api.Tests", "CTeleport.Distance.Api.Tests\CTeleport.Distance.Api.Tests.csproj", "{93D43BBA-C940-4965-B79E-0AAC04E96D74}"
EndProject
Global
	GlobalSection(SolutionConfigurationPlatforms) = preSolution
		Debug|Any CPU = Debug|Any CPU
		Release|Any CPU = Release|Any CPU
	EndGlobalSection
	GlobalSection(ProjectConfigurationPlatforms) = postSolution
		{056DE067-0653-4CEF-91C9-FE239FA72D87}.Debug|Any CPU.ActiveCfg = Debug|Any CPU
		{056DE067-0653-4CEF-91C9-FE239FA72D87}.Debug|Any CPU.Build.0 = Debug|Any CPU
		{056DE067-0653-4CEF-91C9-FE239FA72D87}.Release|Any CPU.ActiveCfg = Release|Any CPU
		{056DE067-0653-4CEF-91C9-FE239FA72D87}.Release|Any CPU.Build.0 = Release|Any CPU
		{93D43BBA-C940-4965-B79E-0AAC04E96D74}.Debug|Any CPU.ActiveCfg = Debug|Any CPU
		{93D43BBA-C940-4965-B79E-0AAC04E96D74}.Debug|Any CPU.Build.0 = Debug|Any CPU
		{93D43BBA-C940-4965-B79E-0AAC04E96D74}.Release|Any CPU.ActiveCfg = Release|Any CPU
		{93D43BBA-C940-4965-B79E-0AAC04E96D74}.Release|Any CPU.Build.0 = Release|Any CPU
	EndGlobalSection
	GlobalSection(SolutionProperties) = preSolution
		HideSolutionNode = FALSE
	EndGlobalSection
	GlobalSection(ExtensibilityGlobals) = postSolution
		SolutionGuid = {E929B5F6-8CD2-4570-9CE9-23FEAF03D113}
	EndGlobalSection
EndGlobal
